Microsoft Visual Studio Solution File, Format Version 11.00
# Visual Studio 2008

Project("{BEF1395B-B9B5-AF8B-B3E7-7BDDC844E19F}") = "AloneGame", "Assembly-CSharp-firstpass.csproj", "{777D8DEA-576D-E1B0-4A0E-ECFA548E765B}"
EndProject
Project("{BEF1395B-B9B5-AF8B-B3E7-7BDDC844E19F}") = "AloneGame", "Assembly-CSharp-Editor-firstpass.csproj", "{13963397-053E-869F-FDCC-152614470FC5}"
EndProject
Project("{BEF1395B-B9B5-AF8B-B3E7-7BDDC844E19F}") = "AloneGame", "Assembly-UnityScript.unityproj", "{9A85AB96-E5A1-C3ED-F7B4-688DD246CC2E}"
EndProject
Global
	GlobalSection(SolutionConfigurationPlatforms) = preSolution
		Debug|Any CPU = Debug|Any CPU
		Release|Any CPU = Release|Any CPU
	EndGlobalSection
	GlobalSection(ProjectConfigurationPlatforms) = postSolution
		{777D8DEA-576D-E1B0-4A0E-ECFA548E765B}.Debug|Any CPU.ActiveCfg = Debug|Any CPU
		{777D8DEA-576D-E1B0-4A0E-ECFA548E765B}.Debug|Any CPU.Build.0 = Debug|Any CPU
		{777D8DEA-576D-E1B0-4A0E-ECFA548E765B}.Release|Any CPU.ActiveCfg = Release|Any CPU
		{777D8DEA-576D-E1B0-4A0E-ECFA548E765B}.Release|Any CPU.Build.0 = Release|Any CPU
		{13963397-053E-869F-FDCC-152614470FC5}.Debug|Any CPU.ActiveCfg = Debug|Any CPU
		{13963397-053E-869F-FDCC-152614470FC5}.Debug|Any CPU.Build.0 = Debug|Any CPU
		{13963397-053E-869F-FDCC-152614470FC5}.Release|Any CPU.ActiveCfg = Release|Any CPU
		{13963397-053E-869F-FDCC-152614470FC5}.Release|Any CPU.Build.0 = Release|Any CPU
		{9A85AB96-E5A1-C3ED-F7B4-688DD246CC2E}.Debug|Any CPU.ActiveCfg = Debug|Any CPU
		{9A85AB96-E5A1-C3ED-F7B4-688DD246CC2E}.Debug|Any CPU.Build.0 = Debug|Any CPU
		{9A85AB96-E5A1-C3ED-F7B4-688DD246CC2E}.Release|Any CPU.ActiveCfg = Release|Any CPU
		{9A85AB96-E5A1-C3ED-F7B4-688DD246CC2E}.Release|Any CPU.Build.0 = Release|Any CPU
	EndGlobalSection
	GlobalSection(SolutionProperties) = preSolution
		HideSolutionNode = FALSE
	EndGlobalSection
															GlobalSection(MonoDevelopProperties) = preSolution
		StartupItem = Assembly-CSharp.csproj
		Policies = $0
		$0.TextStylePolicy = $1
		$1.inheritsSet = null
		$1.scope = text/x-csharp
		$0.CSharpFormattingPolicy = $2
		$2.inheritsSet = Mono
		$2.inheritsScope = text/x-csharp
		$2.scope = text/x-csharp
		$0.TextStylePolicy = $3
		$3.FileWidth = 120
		$3.TabWidth = 4
		$3.IndentWidth = 4
		$3.EolMarker = Unix
		$3.inheritsSet = Mono
		$3.inheritsScope = text/plain
		$3.scope = text/plain
	EndGlobalSection

EndGlobal
